
Microsoft Visual Studio Solution File, Format Version 12.00
# Visual Studio Version 17
VisualStudioVersion = 17.9.34607.119
MinimumVisualStudioVersion = 10.0.40219.1
Project("{FAE04EC0-301F-11D3-BF4B-00C04F79EFBC}") = "Movie.UI", "Movie.UI\Movie.UI.csproj", "{1063A96B-3F81-4A25-B208-4307B9171B39}"
EndProject
Project("{FAE04EC0-301F-11D3-BF4B-00C04F79EFBC}") = "Movie.DAL", "Movie.DAL\Movie.DAL.csproj", "{2F2B7292-549B-4DBA-B040-EFAB75B0253F}"
EndProject
Project("{FAE04EC0-301F-11D3-BF4B-00C04F79EFBC}") = "Movie.BL", "Movie.BL\Movie.BL.csproj", "{2459D02F-6A3A-4EDD-B233-74B7AA4A4FD2}"
EndProject
Project("{FAE04EC0-301F-11D3-BF4B-00C04F79EFBC}") = "webapi", "webapi\webapi.csproj", "{81D685A6-34A0-4B84-AF86-32C706A104CC}"
EndProject
Global
	GlobalSection(SolutionConfigurationPlatforms) = preSolution
		Debug|Any CPU = Debug|Any CPU
		Release|Any CPU = Release|Any CPU
	EndGlobalSection
	GlobalSection(ProjectConfigurationPlatforms) = postSolution
		{1063A96B-3F81-4A25-B208-4307B9171B39}.Debug|Any CPU.ActiveCfg = Debug|Any CPU
		{1063A96B-3F81-4A25-B208-4307B9171B39}.Debug|Any CPU.Build.0 = Debug|Any CPU
		{1063A96B-3F81-4A25-B208-4307B9171B39}.Release|Any CPU.ActiveCfg = Release|Any CPU
		{1063A96B-3F81-4A25-B208-4307B9171B39}.Release|Any CPU.Build.0 = Release|Any CPU
		{2F2B7292-549B-4DBA-B040-EFAB75B0253F}.Debug|Any CPU.ActiveCfg = Debug|Any CPU
		{2F2B7292-549B-4DBA-B040-EFAB75B0253F}.Debug|Any CPU.Build.0 = Debug|Any CPU
		{2F2B7292-549B-4DBA-B040-EFAB75B0253F}.Release|Any CPU.ActiveCfg = Release|Any CPU
		{2F2B7292-549B-4DBA-B040-EFAB75B0253F}.Release|Any CPU.Build.0 = Release|Any CPU
		{2459D02F-6A3A-4EDD-B233-74B7AA4A4FD2}.Debug|Any CPU.ActiveCfg = Debug|Any CPU
		{2459D02F-6A3A-4EDD-B233-74B7AA4A4FD2}.Debug|Any CPU.Build.0 = Debug|Any CPU
		{2459D02F-6A3A-4EDD-B233-74B7AA4A4FD2}.Release|Any CPU.ActiveCfg = Release|Any CPU
		{2459D02F-6A3A-4EDD-B233-74B7AA4A4FD2}.Release|Any CPU.Build.0 = Release|Any CPU
		{81D685A6-34A0-4B84-AF86-32C706A104CC}.Debug|Any CPU.ActiveCfg = Debug|Any CPU
		{81D685A6-34A0-4B84-AF86-32C706A104CC}.Debug|Any CPU.Build.0 = Debug|Any CPU
		{81D685A6-34A0-4B84-AF86-32C706A104CC}.Release|Any CPU.ActiveCfg = Release|Any CPU
		{81D685A6-34A0-4B84-AF86-32C706A104CC}.Release|Any CPU.Build.0 = Release|Any CPU
	EndGlobalSection
	GlobalSection(SolutionProperties) = preSolution
		HideSolutionNode = FALSE
	EndGlobalSection
	GlobalSection(ExtensibilityGlobals) = postSolution
		SolutionGuid = {2B8A1DC8-1926-4A41-BD0F-9D3916767F3B}
	EndGlobalSection
EndGlobal
